
Microsoft Visual Studio Solution File, Format Version 12.00
# Visual Studio Version 17
VisualStudioVersion = 17.2.32602.215
MinimumVisualStudioVersion = 10.0.40219.1
Project("{FAE04EC0-301F-11D3-BF4B-00C04F79EFBC}") = "XoaKiTuTrungLap", "XoaKiTuTrungLap\XoaKiTuTrungLap.csproj", "{35E9266C-491C-409A-8F8F-B5342CEF6C7A}"
EndProject
Global
	GlobalSection(SolutionConfigurationPlatforms) = preSolution
		Debug|Any CPU = Debug|Any CPU
		Release|Any CPU = Release|Any CPU
	EndGlobalSection
	GlobalSection(ProjectConfigurationPlatforms) = postSolution
		{35E9266C-491C-409A-8F8F-B5342CEF6C7A}.Debug|Any CPU.ActiveCfg = Debug|Any CPU
		{35E9266C-491C-409A-8F8F-B5342CEF6C7A}.Debug|Any CPU.Build.0 = Debug|Any CPU
		{35E9266C-491C-409A-8F8F-B5342CEF6C7A}.Release|Any CPU.ActiveCfg = Release|Any CPU
		{35E9266C-491C-409A-8F8F-B5342CEF6C7A}.Release|Any CPU.Build.0 = Release|Any CPU
	EndGlobalSection
	GlobalSection(SolutionProperties) = preSolution
		HideSolutionNode = FALSE
	EndGlobalSection
	GlobalSection(ExtensibilityGlobals) = postSolution
		SolutionGuid = {1B287D02-75DB-4169-A94B-770AF995138B}
	EndGlobalSection
EndGlobal
